
Microsoft Visual Studio Solution File, Format Version 12.00
# Visual Studio Version 17
VisualStudioVersion = 17.0.31903.59
MinimumVisualStudioVersion = 10.0.40219.1
Project("{2150E333-8FDC-42A3-9474-1A3956D46DE8}") = "src", "src", "{827E0CD3-B72D-47B6-A68D-7590B98EB39B}"
EndProject
Project("{FAE04EC0-301F-11D3-BF4B-00C04F79EFBC}") = "neuranx.Domain", "src\neuranx.Domain\neuranx.Domain.csproj", "{041648EA-FBFC-4A2B-A159-CD646AAEBE38}"
EndProject
Project("{FAE04EC0-301F-11D3-BF4B-00C04F79EFBC}") = "neuranx.Application", "src\neuranx.Application\neuranx.Application.csproj", "{3B953067-7119-4751-8E3A-32D83481BC52}"
EndProject
Project("{FAE04EC0-301F-11D3-BF4B-00C04F79EFBC}") = "neuranx.Infrastructure", "src\neuranx.Infrastructure\neuranx.Infrastructure.csproj", "{B42022D1-9C21-4F87-80C2-DEC4B29E9535}"
EndProject
Project("{FAE04EC0-301F-11D3-BF4B-00C04F79EFBC}") = "neuranx.Api", "src\neuranx.Api\neuranx.Api.csproj", "{866EF863-875A-44A6-8B13-BABAB2CCC203}"
EndProject
Global
	GlobalSection(SolutionConfigurationPlatforms) = preSolution
		Debug|Any CPU = Debug|Any CPU
		Debug|x64 = Debug|x64
		Debug|x86 = Debug|x86
		Release|Any CPU = Release|Any CPU
		Release|x64 = Release|x64
		Release|x86 = Release|x86
	EndGlobalSection
	GlobalSection(ProjectConfigurationPlatforms) = postSolution
		{041648EA-FBFC-4A2B-A159-CD646AAEBE38}.Debug|Any CPU.ActiveCfg = Debug|Any CPU
		{041648EA-FBFC-4A2B-A159-CD646AAEBE38}.Debug|Any CPU.Build.0 = Debug|Any CPU
		{041648EA-FBFC-4A2B-A159-CD646AAEBE38}.Debug|x64.ActiveCfg = Debug|Any CPU
		{041648EA-FBFC-4A2B-A159-CD646AAEBE38}.Debug|x64.Build.0 = Debug|Any CPU
		{041648EA-FBFC-4A2B-A159-CD646AAEBE38}.Debug|x86.ActiveCfg = Debug|Any CPU
		{041648EA-FBFC-4A2B-A159-CD646AAEBE38}.Debug|x86.Build.0 = Debug|Any CPU
		{041648EA-FBFC-4A2B-A159-CD646AAEBE38}.Release|Any CPU.ActiveCfg = Release|Any CPU
		{041648EA-FBFC-4A2B-A159-CD646AAEBE38}.Release|Any CPU.Build.0 = Release|Any CPU
		{041648EA-FBFC-4A2B-A159-CD646AAEBE38}.Release|x64.ActiveCfg = Release|Any CPU
		{041648EA-FBFC-4A2B-A159-CD646AAEBE38}.Release|x64.Build.0 = Release|Any CPU
		{041648EA-FBFC-4A2B-A159-CD646AAEBE38}.Release|x86.ActiveCfg = Release|Any CPU
		{041648EA-FBFC-4A2B-A159-CD646AAEBE38}.Release|x86.Build.0 = Release|Any CPU
		{3B953067-7119-4751-8E3A-32D83481BC52}.Debug|Any CPU.ActiveCfg = Debug|Any CPU
		{3B953067-7119-4751-8E3A-32D83481BC52}.Debug|Any CPU.Build.0 = Debug|Any CPU
		{3B953067-7119-4751-8E3A-32D83481BC52}.Debug|x64.ActiveCfg = Debug|Any CPU
		{3B953067-7119-4751-8E3A-32D83481BC52}.Debug|x64.Build.0 = Debug|Any CPU
		{3B953067-7119-4751-8E3A-32D83481BC52}.Debug|x86.ActiveCfg = Debug|Any CPU
		{3B953067-7119-4751-8E3A-32D83481BC52}.Debug|x86.Build.0 = Debug|Any CPU
		{3B953067-7119-4751-8E3A-32D83481BC52}.Release|Any CPU.ActiveCfg = Release|Any CPU
		{3B953067-7119-4751-8E3A-32D83481BC52}.Release|Any CPU.Build.0 = Release|Any CPU
		{3B953067-7119-4751-8E3A-32D83481BC52}.Release|x64.ActiveCfg = Release|Any CPU
		{3B953067-7119-4751-8E3A-32D83481BC52}.Release|x64.Build.0 = Release|Any CPU
		{3B953067-7119-4751-8E3A-32D83481BC52}.Release|x86.ActiveCfg = Release|Any CPU
		{3B953067-7119-4751-8E3A-32D83481BC52}.Release|x86.Build.0 = Release|Any CPU
		{B42022D1-9C21-4F87-80C2-DEC4B29E9535}.Debug|Any CPU.ActiveCfg = Debug|Any CPU
		{B42022D1-9C21-4F87-80C2-DEC4B29E9535}.Debug|Any CPU.Build.0 = Debug|Any CPU
		{B42022D1-9C21-4F87-80C2-DEC4B29E9535}.Debug|x64.ActiveCfg = Debug|Any CPU
		{B42022D1-9C21-4F87-80C2-DEC4B29E9535}.Debug|x64.Build.0 = Debug|Any CPU
		{B42022D1-9C21-4F87-80C2-DEC4B29E9535}.Debug|x86.ActiveCfg = Debug|Any CPU
		{B42022D1-9C21-4F87-80C2-DEC4B29E9535}.Debug|x86.Build.0 = Debug|Any CPU
		{B42022D1-9C21-4F87-80C2-DEC4B29E9535}.Release|Any CPU.ActiveCfg = Release|Any CPU
		{B42022D1-9C21-4F87-80C2-DEC4B29E9535}.Release|Any CPU.Build.0 = Release|Any CPU
		{B42022D1-9C21-4F87-80C2-DEC4B29E9535}.Release|x64.ActiveCfg = Release|Any CPU
		{B42022D1-9C21-4F87-80C2-DEC4B29E9535}.Release|x64.Build.0 = Release|Any CPU
		{B42022D1-9C21-4F87-80C2-DEC4B29E9535}.Release|x86.ActiveCfg = Release|Any CPU
		{B42022D1-9C21-4F87-80C2-DEC4B29E9535}.Release|x86.Build.0 = Release|Any CPU
		{866EF863-875A-44A6-8B13-BABAB2CCC203}.Debug|Any CPU.ActiveCfg = Debug|Any CPU
		{866EF863-875A-44A6-8B13-BABAB2CCC203}.Debug|Any CPU.Build.0 = Debug|Any CPU
		{866EF863-875A-44A6-8B13-BABAB2CCC203}.Debug|x64.ActiveCfg = Debug|Any CPU
		{866EF863-875A-44A6-8B13-BABAB2CCC203}.Debug|x64.Build.0 = Debug|Any CPU
		{866EF863-875A-44A6-8B13-BABAB2CCC203}.Debug|x86.ActiveCfg = Debug|Any CPU
		{866EF863-875A-44A6-8B13-BABAB2CCC203}.Debug|x86.Build.0 = Debug|Any CPU
		{866EF863-875A-44A6-8B13-BABAB2CCC203}.Release|Any CPU.ActiveCfg = Release|Any CPU
		{866EF863-875A-44A6-8B13-BABAB2CCC203}.Release|Any CPU.Build.0 = Release|Any CPU
		{866EF863-875A-44A6-8B13-BABAB2CCC203}.Release|x64.ActiveCfg = Release|Any CPU
		{866EF863-875A-44A6-8B13-BABAB2CCC203}.Release|x64.Build.0 = Release|Any CPU
		{866EF863-875A-44A6-8B13-BABAB2CCC203}.Release|x86.ActiveCfg = Release|Any CPU
		{866EF863-875A-44A6-8B13-BABAB2CCC203}.Release|x86.Build.0 = Release|Any CPU
	EndGlobalSection
	GlobalSection(SolutionProperties) = preSolution
		HideSolutionNode = FALSE
	EndGlobalSection
	GlobalSection(NestedProjects) = preSolution
		{041648EA-FBFC-4A2B-A159-CD646AAEBE38} = {827E0CD3-B72D-47B6-A68D-7590B98EB39B}
		{3B953067-7119-4751-8E3A-32D83481BC52} = {827E0CD3-B72D-47B6-A68D-7590B98EB39B}
		{B42022D1-9C21-4F87-80C2-DEC4B29E9535} = {827E0CD3-B72D-47B6-A68D-7590B98EB39B}
		{866EF863-875A-44A6-8B13-BABAB2CCC203} = {827E0CD3-B72D-47B6-A68D-7590B98EB39B}
	EndGlobalSection
EndGlobal
